
Microsoft Visual Studio Solution File, Format Version 12.00
# Visual Studio Version 17
VisualStudioVersion = 17.3.32901.215
MinimumVisualStudioVersion = 10.0.40219.1
Project("{FAE04EC0-301F-11D3-BF4B-00C04F79EFBC}") = "Зачет", "Зачет\Зачет.csproj", "{C35FE660-D3AE-40DB-B294-669553389F00}"
EndProject
Global
	GlobalSection(SolutionConfigurationPlatforms) = preSolution
		Debug|Any CPU = Debug|Any CPU
		Release|Any CPU = Release|Any CPU
	EndGlobalSection
	GlobalSection(ProjectConfigurationPlatforms) = postSolution
		{C35FE660-D3AE-40DB-B294-669553389F00}.Debug|Any CPU.ActiveCfg = Debug|Any CPU
		{C35FE660-D3AE-40DB-B294-669553389F00}.Debug|Any CPU.Build.0 = Debug|Any CPU
		{C35FE660-D3AE-40DB-B294-669553389F00}.Release|Any CPU.ActiveCfg = Release|Any CPU
		{C35FE660-D3AE-40DB-B294-669553389F00}.Release|Any CPU.Build.0 = Release|Any CPU
	EndGlobalSection
	GlobalSection(SolutionProperties) = preSolution
		HideSolutionNode = FALSE
	EndGlobalSection
	GlobalSection(ExtensibilityGlobals) = postSolution
		SolutionGuid = {6FDD388F-B29F-413A-9002-4C186FFB47B6}
	EndGlobalSection
EndGlobal
